// !$*UTF8*$!
{
	archiveVersion = 1;
	classes = {
	};
	objectVersion = 51;
	objects = {

/* Begin PBXBuildFile section */
		92C4FC8F5772848DD254B7F3 /* Pods_GMaps.framework in Frameworks */ = {isa = PBXBuildFile; fileRef = DE9B4CB0E2285ACE00110870 /* Pods_GMaps.framework */; };
		FE1CD1B926E22DF50063DE74 /* MapView.swift in Sources */ = {isa = PBXBuildFile; fileRef = FE1CD1B826E22DF50063DE74 /* MapView.swift */; };
		FE319EF926D8E52000FB63FC /* GMapsModels.xcdatamodeld in Sources */ = {isa = PBXBuildFile; fileRef = FE319EF726D8E52000FB63FC /* GMapsModels.xcdatamodeld */; };
		FE319F0726D8EF3E00FB63FC /* ExNSPredicate.swift in Sources */ = {isa = PBXBuildFile; fileRef = FE319F0626D8EF3E00FB63FC /* ExNSPredicate.swift */; };
		FE319F0A26D8F91F00FB63FC /* UserManager.swift in Sources */ = {isa = PBXBuildFile; fileRef = FE319F0926D8F91F00FB63FC /* UserManager.swift */; };
		FE319F0D26D915E700FB63FC /* LoginViewController.swift in Sources */ = {isa = PBXBuildFile; fileRef = FE319F0C26D915E700FB63FC /* LoginViewController.swift */; };
		FE319F0F26D9168E00FB63FC /* LoginView.swift in Sources */ = {isa = PBXBuildFile; fileRef = FE319F0E26D9168E00FB63FC /* LoginView.swift */; };
		FE319F1226D916DC00FB63FC /* ContainerForTextFieldWithLabelProtocol.swift in Sources */ = {isa = PBXBuildFile; fileRef = FE319F1126D916DC00FB63FC /* ContainerForTextFieldWithLabelProtocol.swift */; };
		FE319F1526D9170600FB63FC /* DefaultContainerForTextFieldWithLabel.swift in Sources */ = {isa = PBXBuildFile; fileRef = FE319F1426D9170600FB63FC /* DefaultContainerForTextFieldWithLabel.swift */; };
		FE319F1726D9172C00FB63FC /* ExUITextField.swift in Sources */ = {isa = PBXBuildFile; fileRef = FE319F1626D9172C00FB63FC /* ExUITextField.swift */; };
		FE319F1926D9177300FB63FC /* Constant.swift in Sources */ = {isa = PBXBuildFile; fileRef = FE319F1826D9177300FB63FC /* Constant.swift */; };
		FE319F1B26D917D500FB63FC /* ExUIViewController.swift in Sources */ = {isa = PBXBuildFile; fileRef = FE319F1A26D917D500FB63FC /* ExUIViewController.swift */; };
		FE319F1D26D917FD00FB63FC /* UITextFieldsViewController.swift in Sources */ = {isa = PBXBuildFile; fileRef = FE319F1C26D917FD00FB63FC /* UITextFieldsViewController.swift */; };
		FE319F1F26D9183F00FB63FC /* ExUIButton.swift in Sources */ = {isa = PBXBuildFile; fileRef = FE319F1E26D9183F00FB63FC /* ExUIButton.swift */; };
		FE86171326CD4383001F6D38 /* AppDelegate.swift in Sources */ = {isa = PBXBuildFile; fileRef = FE86171226CD4383001F6D38 /* AppDelegate.swift */; };
		FE86171526CD4383001F6D38 /* SceneDelegate.swift in Sources */ = {isa = PBXBuildFile; fileRef = FE86171426CD4383001F6D38 /* SceneDelegate.swift */; };
		FE86171C26CD4385001F6D38 /* Assets.xcassets in Resources */ = {isa = PBXBuildFile; fileRef = FE86171B26CD4385001F6D38 /* Assets.xcassets */; };
		FE86171F26CD4385001F6D38 /* LaunchScreen.storyboard in Resources */ = {isa = PBXBuildFile; fileRef = FE86171D26CD4385001F6D38 /* LaunchScreen.storyboard */; };
		FE86172D26CD44EB001F6D38 /* MapViewController.swift in Sources */ = {isa = PBXBuildFile; fileRef = FE86172C26CD44EB001F6D38 /* MapViewController.swift */; };
		FE86173126CD47B5001F6D38 /* SecretConstants.swift in Sources */ = {isa = PBXBuildFile; fileRef = FE86173026CD47B5001F6D38 /* SecretConstants.swift */; };
		FE86175C26D4FF89001F6D38 /* CLLocationCoordinate2DTransformer.swift in Sources */ = {isa = PBXBuildFile; fileRef = FE86175B26D4FF89001F6D38 /* CLLocationCoordinate2DTransformer.swift */; };
		FE86175E26D50E57001F6D38 /* DataBaseManager.swift in Sources */ = {isa = PBXBuildFile; fileRef = FE86175D26D50E57001F6D38 /* DataBaseManager.swift */; };
		FE86176026D5209A001F6D38 /* AlertBuilder.swift in Sources */ = {isa = PBXBuildFile; fileRef = FE86175F26D5209A001F6D38 /* AlertBuilder.swift */; };
		FE86176526D65F85001F6D38 /* LocationManager.swift in Sources */ = {isa = PBXBuildFile; fileRef = FE86176426D65F85001F6D38 /* LocationManager.swift */; };
		FE9DDB7A26DA2D4F00A4280B /* Router.swift in Sources */ = {isa = PBXBuildFile; fileRef = FE9DDB7926DA2D4F00A4280B /* Router.swift */; };
/* End PBXBuildFile section */

/* Begin PBXFileReference section */
		64D086401451CEC298E2AFCF /* Pods-GMaps.debug.xcconfig */ = {isa = PBXFileReference; includeInIndex = 1; lastKnownFileType = text.xcconfig; name = "Pods-GMaps.debug.xcconfig"; path = "Target Support Files/Pods-GMaps/Pods-GMaps.debug.xcconfig"; sourceTree = "<group>"; };
		7C78B0C36A1FF3A779E0DFF4 /* Pods-GMaps.release.xcconfig */ = {isa = PBXFileReference; includeInIndex = 1; lastKnownFileType = text.xcconfig; name = "Pods-GMaps.release.xcconfig"; path = "Target Support Files/Pods-GMaps/Pods-GMaps.release.xcconfig"; sourceTree = "<group>"; };
		DE9B4CB0E2285ACE00110870 /* Pods_GMaps.framework */ = {isa = PBXFileReference; explicitFileType = wrapper.framework; includeInIndex = 0; path = Pods_GMaps.framework; sourceTree = BUILT_PRODUCTS_DIR; };
		FE1CD1B826E22DF50063DE74 /* MapView.swift */ = {isa = PBXFileReference; lastKnownFileType = sourcecode.swift; path = MapView.swift; sourceTree = "<group>"; };
		FE319EF826D8E52000FB63FC /* GMapsModels.xcdatamodel */ = {isa = PBXFileReference; lastKnownFileType = wrapper.xcdatamodel; path = GMapsModels.xcdatamodel; sourceTree = "<group>"; };
		FE319F0626D8EF3E00FB63FC /* ExNSPredicate.swift */ = {isa = PBXFileReference; lastKnownFileType = sourcecode.swift; path = ExNSPredicate.swift; sourceTree = "<group>"; };
		FE319F0926D8F91F00FB63FC /* UserManager.swift */ = {isa = PBXFileReference; lastKnownFileType = sourcecode.swift; path = UserManager.swift; sourceTree = "<group>"; };
		FE319F0C26D915E700FB63FC /* LoginViewController.swift */ = {isa = PBXFileReference; lastKnownFileType = sourcecode.swift; path = LoginViewController.swift; sourceTree = "<group>"; };
		FE319F0E26D9168E00FB63FC /* LoginView.swift */ = {isa = PBXFileReference; lastKnownFileType = sourcecode.swift; path = LoginView.swift; sourceTree = "<group>"; };
		FE319F1126D916DC00FB63FC /* ContainerForTextFieldWithLabelProtocol.swift */ = {isa = PBXFileReference; lastKnownFileType = sourcecode.swift; path = ContainerForTextFieldWithLabelProtocol.swift; sourceTree = "<group>"; };
		FE319F1426D9170600FB63FC /* DefaultContainerForTextFieldWithLabel.swift */ = {isa = PBXFileReference; lastKnownFileType = sourcecode.swift; path = DefaultContainerForTextFieldWithLabel.swift; sourceTree = "<group>"; };
		FE319F1626D9172C00FB63FC /* ExUITextField.swift */ = {isa = PBXFileReference; lastKnownFileType = sourcecode.swift; path = ExUITextField.swift; sourceTree = "<group>"; };
		FE319F1826D9177300FB63FC /* Constant.swift */ = {isa = PBXFileReference; lastKnownFileType = sourcecode.swift; path = Constant.swift; sourceTree = "<group>"; };
		FE319F1A26D917D500FB63FC /* ExUIViewController.swift */ = {isa = PBXFileReference; lastKnownFileType = sourcecode.swift; path = ExUIViewController.swift; sourceTree = "<group>"; };
		FE319F1C26D917FD00FB63FC /* UITextFieldsViewController.swift */ = {isa = PBXFileReference; lastKnownFileType = sourcecode.swift; path = UITextFieldsViewController.swift; sourceTree = "<group>"; };
		FE319F1E26D9183F00FB63FC /* ExUIButton.swift */ = {isa = PBXFileReference; lastKnownFileType = sourcecode.swift; path = ExUIButton.swift; sourceTree = "<group>"; };
		FE86170F26CD4383001F6D38 /* GMaps.app */ = {isa = PBXFileReference; explicitFileType = wrapper.application; includeInIndex = 0; path = GMaps.app; sourceTree = BUILT_PRODUCTS_DIR; };
		FE86171226CD4383001F6D38 /* AppDelegate.swift */ = {isa = PBXFileReference; lastKnownFileType = sourcecode.swift; path = AppDelegate.swift; sourceTree = "<group>"; };
		FE86171426CD4383001F6D38 /* SceneDelegate.swift */ = {isa = PBXFileReference; lastKnownFileType = sourcecode.swift; path = SceneDelegate.swift; sourceTree = "<group>"; };
		FE86171B26CD4385001F6D38 /* Assets.xcassets */ = {isa = PBXFileReference; lastKnownFileType = folder.assetcatalog; path = Assets.xcassets; sourceTree = "<group>"; };
		FE86171E26CD4385001F6D38 /* Base */ = {isa = PBXFileReference; lastKnownFileType = file.storyboard; name = Base; path = Base.lproj/LaunchScreen.storyboard; sourceTree = "<group>"; };
		FE86172026CD4385001F6D38 /* Info.plist */ = {isa = PBXFileReference; lastKnownFileType = text.plist.xml; path = Info.plist; sourceTree = "<group>"; };
		FE86172C26CD44EB001F6D38 /* MapViewController.swift */ = {isa = PBXFileReference; lastKnownFileType = sourcecode.swift; path = MapViewController.swift; sourceTree = "<group>"; };
		FE86173026CD47B5001F6D38 /* SecretConstants.swift */ = {isa = PBXFileReference; fileEncoding = 4; lastKnownFileType = sourcecode.swift; path = SecretConstants.swift; sourceTree = "<group>"; };
		FE86175B26D4FF89001F6D38 /* CLLocationCoordinate2DTransformer.swift */ = {isa = PBXFileReference; lastKnownFileType = sourcecode.swift; path = CLLocationCoordinate2DTransformer.swift; sourceTree = "<group>"; };
		FE86175D26D50E57001F6D38 /* DataBaseManager.swift */ = {isa = PBXFileReference; lastKnownFileType = sourcecode.swift; path = DataBaseManager.swift; sourceTree = "<group>"; };
		FE86175F26D5209A001F6D38 /* AlertBuilder.swift */ = {isa = PBXFileReference; lastKnownFileType = sourcecode.swift; path = AlertBuilder.swift; sourceTree = "<group>"; };
		FE86176426D65F85001F6D38 /* LocationManager.swift */ = {isa = PBXFileReference; lastKnownFileType = sourcecode.swift; path = LocationManager.swift; sourceTree = "<group>"; };
		FE9DDB7926DA2D4F00A4280B /* Router.swift */ = {isa = PBXFileReference; lastKnownFileType = sourcecode.swift; path = Router.swift; sourceTree = "<group>"; };
/* End PBXFileReference section */

/* Begin PBXFrameworksBuildPhase section */
		FE86170C26CD4383001F6D38 /* Frameworks */ = {
			isa = PBXFrameworksBuildPhase;
			buildActionMask = 2147483647;
			files = (
				92C4FC8F5772848DD254B7F3 /* Pods_GMaps.framework in Frameworks */,
			);
			runOnlyForDeploymentPostprocessing = 0;
		};
/* End PBXFrameworksBuildPhase section */

/* Begin PBXGroup section */
		4151239527896C06A58D2914 /* Pods */ = {
			isa = PBXGroup;
			children = (
				64D086401451CEC298E2AFCF /* Pods-GMaps.debug.xcconfig */,
				7C78B0C36A1FF3A779E0DFF4 /* Pods-GMaps.release.xcconfig */,
			);
			path = Pods;
			sourceTree = "<group>";
		};
		7D51CC51F963ABD5C6888661 /* Frameworks */ = {
			isa = PBXGroup;
			children = (
				DE9B4CB0E2285ACE00110870 /* Pods_GMaps.framework */,
			);
			name = Frameworks;
			sourceTree = "<group>";
		};
		FE319F0526D8EF2D00FB63FC /* Extension */ = {
			isa = PBXGroup;
			children = (
				FE319F0626D8EF3E00FB63FC /* ExNSPredicate.swift */,
				FE319F1626D9172C00FB63FC /* ExUITextField.swift */,
				FE319F1A26D917D500FB63FC /* ExUIViewController.swift */,
				FE319F1E26D9183F00FB63FC /* ExUIButton.swift */,
			);
			path = Extension;
			sourceTree = "<group>";
		};
		FE319F0826D8F91700FB63FC /* User */ = {
			isa = PBXGroup;
			children = (
				FE319F0926D8F91F00FB63FC /* UserManager.swift */,
			);
			path = User;
			sourceTree = "<group>";
		};
		FE319F0B26D915D000FB63FC /* Login */ = {
			isa = PBXGroup;
			children = (
				FE319F0C26D915E700FB63FC /* LoginViewController.swift */,
				FE319F0E26D9168E00FB63FC /* LoginView.swift */,
			);
			path = Login;
			sourceTree = "<group>";
		};
		FE319F1026D916D000FB63FC /* UI */ = {
			isa = PBXGroup;
			children = (
				FE319F1326D916E800FB63FC /* Protocols */,
				FE319F1426D9170600FB63FC /* DefaultContainerForTextFieldWithLabel.swift */,
				FE319F1C26D917FD00FB63FC /* UITextFieldsViewController.swift */,
			);
			path = UI;
			sourceTree = "<group>";
		};
		FE319F1326D916E800FB63FC /* Protocols */ = {
			isa = PBXGroup;
			children = (
				FE319F1126D916DC00FB63FC /* ContainerForTextFieldWithLabelProtocol.swift */,
			);
			path = Protocols;
			sourceTree = "<group>";
		};
		FE86170626CD4383001F6D38 = {
			isa = PBXGroup;
			children = (
				FE86171126CD4383001F6D38 /* GMaps */,
				FE86171026CD4383001F6D38 /* Products */,
				4151239527896C06A58D2914 /* Pods */,
				7D51CC51F963ABD5C6888661 /* Frameworks */,
			);
			sourceTree = "<group>";
		};
		FE86171026CD4383001F6D38 /* Products */ = {
			isa = PBXGroup;
			children = (
				FE86170F26CD4383001F6D38 /* GMaps.app */,
			);
			name = Products;
			sourceTree = "<group>";
		};
		FE86171126CD4383001F6D38 /* GMaps */ = {
			isa = PBXGroup;
			children = (
				FE86172626CD445F001F6D38 /* Environments */,
				FE86172826CD448C001F6D38 /* Resources */,
				FE86172926CD4492001F6D38 /* Core */,
				FE86172726CD4489001F6D38 /* App */,
			);
			path = GMaps;
			sourceTree = "<group>";
		};
		FE86172626CD445F001F6D38 /* Environments */ = {
			isa = PBXGroup;
			children = (
				FE86172026CD4385001F6D38 /* Info.plist */,
			);
			path = Environments;
			sourceTree = "<group>";
		};
		FE86172726CD4489001F6D38 /* App */ = {
			isa = PBXGroup;
			children = (
				FE86171226CD4383001F6D38 /* AppDelegate.swift */,
				FE86171426CD4383001F6D38 /* SceneDelegate.swift */,
				FE86172A26CD449B001F6D38 /* Flows */,
			);
			path = App;
			sourceTree = "<group>";
		};
		FE86172826CD448C001F6D38 /* Resources */ = {
			isa = PBXGroup;
			children = (
				FE86171B26CD4385001F6D38 /* Assets.xcassets */,
				FE86171D26CD4385001F6D38 /* LaunchScreen.storyboard */,
				FE86173026CD47B5001F6D38 /* SecretConstants.swift */,
				FE319F1826D9177300FB63FC /* Constant.swift */,
			);
			path = Resources;
			sourceTree = "<group>";
		};
		FE86172926CD4492001F6D38 /* Core */ = {
			isa = PBXGroup;
			children = (
				FE9DDB7826DA2D1600A4280B /* Router */,
				FE319F1026D916D000FB63FC /* UI */,
				FE319F0526D8EF2D00FB63FC /* Extension */,
				FE86176226D65E6A001F6D38 /* Managers */,
				FE86176126D5209F001F6D38 /* Builders */,
			);
			path = Core;
			sourceTree = "<group>";
		};
		FE86172A26CD449B001F6D38 /* Flows */ = {
			isa = PBXGroup;
			children = (
				FE319F0B26D915D000FB63FC /* Login */,
				FE86172B26CD44E3001F6D38 /* Map */,
			);
			path = Flows;
			sourceTree = "<group>";
		};
		FE86172B26CD44E3001F6D38 /* Map */ = {
			isa = PBXGroup;
			children = (
				FE86172C26CD44EB001F6D38 /* MapViewController.swift */,
				FE1CD1B826E22DF50063DE74 /* MapView.swift */,
			);
			path = Map;
			sourceTree = "<group>";
		};
		FE86175526D4F817001F6D38 /* CoreData */ = {
			isa = PBXGroup;
			children = (
				FE86175B26D4FF89001F6D38 /* CLLocationCoordinate2DTransformer.swift */,
				FE86175D26D50E57001F6D38 /* DataBaseManager.swift */,
				FE319EF726D8E52000FB63FC /* GMapsModels.xcdatamodeld */,
			);
			path = CoreData;
			sourceTree = "<group>";
		};
		FE86176126D5209F001F6D38 /* Builders */ = {
			isa = PBXGroup;
			children = (
				FE86175F26D5209A001F6D38 /* AlertBuilder.swift */,
			);
			path = Builders;
			sourceTree = "<group>";
		};
		FE86176226D65E6A001F6D38 /* Managers */ = {
			isa = PBXGroup;
			children = (
				FE319F0826D8F91700FB63FC /* User */,
				FE86176326D65E80001F6D38 /* Location */,
				FE86175526D4F817001F6D38 /* CoreData */,
			);
			path = Managers;
			sourceTree = "<group>";
		};
		FE86176326D65E80001F6D38 /* Location */ = {
			isa = PBXGroup;
			children = (
				FE86176426D65F85001F6D38 /* LocationManager.swift */,
			);
			path = Location;
			sourceTree = "<group>";
		};
		FE9DDB7826DA2D1600A4280B /* Router */ = {
			isa = PBXGroup;
			children = (
				FE9DDB7926DA2D4F00A4280B /* Router.swift */,
			);
			path = Router;
			sourceTree = "<group>";
		};
/* End PBXGroup section */

/* Begin PBXNativeTarget section */
		FE86170E26CD4383001F6D38 /* GMaps */ = {
			isa = PBXNativeTarget;
			buildConfigurationList = FE86172326CD4385001F6D38 /* Build configuration list for PBXNativeTarget "GMaps" */;
			buildPhases = (
				A0864B47045BFA8D2ED5B918 /* [CP] Check Pods Manifest.lock */,
				FE86170B26CD4383001F6D38 /* Sources */,
				FE86170C26CD4383001F6D38 /* Frameworks */,
				FE86170D26CD4383001F6D38 /* Resources */,
				9BF53D3D6B7061846E1FE370 /* [CP] Copy Pods Resources */,
				5B1F679E773EE5D982660711 /* [CP] Embed Pods Frameworks */,
			);
			buildRules = (
			);
			dependencies = (
			);
			name = GMaps;
			productName = GMaps;
			productReference = FE86170F26CD4383001F6D38 /* GMaps.app */;
			productType = "com.apple.product-type.application";
		};
/* End PBXNativeTarget section */

/* Begin PBXProject section */
		FE86170726CD4383001F6D38 /* Project object */ = {
			isa = PBXProject;
			attributes = {
				LastSwiftUpdateCheck = 1250;
				LastUpgradeCheck = 1250;
				TargetAttributes = {
					FE86170E26CD4383001F6D38 = {
						CreatedOnToolsVersion = 12.5.1;
					};
				};
			};
			buildConfigurationList = FE86170A26CD4383001F6D38 /* Build configuration list for PBXProject "GMaps" */;
			compatibilityVersion = "Xcode 9.3";
			developmentRegion = en;
			hasScannedForEncodings = 0;
			knownRegions = (
				en,
				Base,
			);
			mainGroup = FE86170626CD4383001F6D38;
			productRefGroup = FE86171026CD4383001F6D38 /* Products */;
			projectDirPath = "";
			projectRoot = "";
			targets = (
				FE86170E26CD4383001F6D38 /* GMaps */,
			);
		};
/* End PBXProject section */

/* Begin PBXResourcesBuildPhase section */
		FE86170D26CD4383001F6D38 /* Resources */ = {
			isa = PBXResourcesBuildPhase;
			buildActionMask = 2147483647;
			files = (
				FE86171F26CD4385001F6D38 /* LaunchScreen.storyboard in Resources */,
				FE86171C26CD4385001F6D38 /* Assets.xcassets in Resources */,
			);
			runOnlyForDeploymentPostprocessing = 0;
		};
/* End PBXResourcesBuildPhase section */

/* Begin PBXShellScriptBuildPhase section */
		5B1F679E773EE5D982660711 /* [CP] Embed Pods Frameworks */ = {
			isa = PBXShellScriptBuildPhase;
			buildActionMask = 2147483647;
			files = (
			);
			inputFileListPaths = (
				"${PODS_ROOT}/Target Support Files/Pods-GMaps/Pods-GMaps-frameworks-${CONFIGURATION}-input-files.xcfilelist",
			);
			name = "[CP] Embed Pods Frameworks";
			outputFileListPaths = (
				"${PODS_ROOT}/Target Support Files/Pods-GMaps/Pods-GMaps-frameworks-${CONFIGURATION}-output-files.xcfilelist",
			);
			runOnlyForDeploymentPostprocessing = 0;
			shellPath = /bin/sh;
			shellScript = "\"${PODS_ROOT}/Target Support Files/Pods-GMaps/Pods-GMaps-frameworks.sh\"\n";
			showEnvVarsInLog = 0;
		};
		9BF53D3D6B7061846E1FE370 /* [CP] Copy Pods Resources */ = {
			isa = PBXShellScriptBuildPhase;
			buildActionMask = 2147483647;
			files = (
			);
			inputFileListPaths = (
				"${PODS_ROOT}/Target Support Files/Pods-GMaps/Pods-GMaps-resources-${CONFIGURATION}-input-files.xcfilelist",
			);
			name = "[CP] Copy Pods Resources";
			outputFileListPaths = (
				"${PODS_ROOT}/Target Support Files/Pods-GMaps/Pods-GMaps-resources-${CONFIGURATION}-output-files.xcfilelist",
			);
			runOnlyForDeploymentPostprocessing = 0;
			shellPath = /bin/sh;
			shellScript = "\"${PODS_ROOT}/Target Support Files/Pods-GMaps/Pods-GMaps-resources.sh\"\n";
			showEnvVarsInLog = 0;
		};
		A0864B47045BFA8D2ED5B918 /* [CP] Check Pods Manifest.lock */ = {
			isa = PBXShellScriptBuildPhase;
			buildActionMask = 2147483647;
			files = (
			);
			inputFileListPaths = (
			);
			inputPaths = (
				"${PODS_PODFILE_DIR_PATH}/Podfile.lock",
				"${PODS_ROOT}/Manifest.lock",
			);
			name = "[CP] Check Pods Manifest.lock";
			outputFileListPaths = (
			);
			outputPaths = (
				"$(DERIVED_FILE_DIR)/Pods-GMaps-checkManifestLockResult.txt",
			);
			runOnlyForDeploymentPostprocessing = 0;
			shellPath = /bin/sh;
			shellScript = "diff \"${PODS_PODFILE_DIR_PATH}/Podfile.lock\" \"${PODS_ROOT}/Manifest.lock\" > /dev/null\nif [ $? != 0 ] ; then\n    # print error to STDERR\n    echo \"error: The sandbox is not in sync with the Podfile.lock. Run 'pod install' or update your CocoaPods installation.\" >&2\n    exit 1\nfi\n# This output is used by Xcode 'outputs' to avoid re-running this script phase.\necho \"SUCCESS\" > \"${SCRIPT_OUTPUT_FILE_0}\"\n";
			showEnvVarsInLog = 0;
		};
/* End PBXShellScriptBuildPhase section */

/* Begin PBXSourcesBuildPhase section */
		FE86170B26CD4383001F6D38 /* Sources */ = {
			isa = PBXSourcesBuildPhase;
			buildActionMask = 2147483647;
			files = (
				FE319F0D26D915E700FB63FC /* LoginViewController.swift in Sources */,
				FE319F1926D9177300FB63FC /* Constant.swift in Sources */,
				FE319F1F26D9183F00FB63FC /* ExUIButton.swift in Sources */,
				FE1CD1B926E22DF50063DE74 /* MapView.swift in Sources */,
				FE86171326CD4383001F6D38 /* AppDelegate.swift in Sources */,
				FE319F1726D9172C00FB63FC /* ExUITextField.swift in Sources */,
				FE319F0726D8EF3E00FB63FC /* ExNSPredicate.swift in Sources */,
				FE319F1D26D917FD00FB63FC /* UITextFieldsViewController.swift in Sources */,
				FE319F1B26D917D500FB63FC /* ExUIViewController.swift in Sources */,
				FE86175C26D4FF89001F6D38 /* CLLocationCoordinate2DTransformer.swift in Sources */,
				FE319EF926D8E52000FB63FC /* GMapsModels.xcdatamodeld in Sources */,
				FE9DDB7A26DA2D4F00A4280B /* Router.swift in Sources */,
				FE86172D26CD44EB001F6D38 /* MapViewController.swift in Sources */,
				FE86176026D5209A001F6D38 /* AlertBuilder.swift in Sources */,
				FE86171526CD4383001F6D38 /* SceneDelegate.swift in Sources */,
				FE86175E26D50E57001F6D38 /* DataBaseManager.swift in Sources */,
				FE319F1226D916DC00FB63FC /* ContainerForTextFieldWithLabelProtocol.swift in Sources */,
				FE319F1526D9170600FB63FC /* DefaultContainerForTextFieldWithLabel.swift in Sources */,
				FE86173126CD47B5001F6D38 /* SecretConstants.swift in Sources */,
				FE319F0F26D9168E00FB63FC /* LoginView.swift in Sources */,
				FE319F0A26D8F91F00FB63FC /* UserManager.swift in Sources */,
				FE86176526D65F85001F6D38 /* LocationManager.swift in Sources */,
			);
			runOnlyForDeploymentPostprocessing = 0;
		};
/* End PBXSourcesBuildPhase section */

/* Begin PBXVariantGroup section */
		FE86171D26CD4385001F6D38 /* LaunchScreen.storyboard */ = {
			isa = PBXVariantGroup;
			children = (
				FE86171E26CD4385001F6D38 /* Base */,
			);
			name = LaunchScreen.storyboard;
			sourceTree = "<group>";
		};
/* End PBXVariantGroup section */

/* Begin XCBuildConfiguration section */
		FE86172126CD4385001F6D38 /* Debug */ = {
			isa = XCBuildConfiguration;
			buildSettings = {
				ALWAYS_SEARCH_USER_PATHS = NO;
				CLANG_ANALYZER_NONNULL = YES;
				CLANG_ANALYZER_NUMBER_OBJECT_CONVERSION = YES_AGGRESSIVE;
				CLANG_CXX_LANGUAGE_STANDARD = "gnu++14";
				CLANG_CXX_LIBRARY = "libc++";
				CLANG_ENABLE_MODULES = YES;
				CLANG_ENABLE_OBJC_ARC = YES;
				CLANG_ENABLE_OBJC_WEAK = YES;
				CLANG_WARN_BLOCK_CAPTURE_AUTORELEASING = YES;
				CLANG_WARN_BOOL_CONVERSION = YES;
				CLANG_WARN_COMMA = YES;
				CLANG_WARN_CONSTANT_CONVERSION = YES;
				CLANG_WARN_DEPRECATED_OBJC_IMPLEMENTATIONS = YES;
				CLANG_WARN_DIRECT_OBJC_ISA_USAGE = YES_ERROR;
				CLANG_WARN_DOCUMENTATION_COMMENTS = YES;
				CLANG_WARN_EMPTY_BODY = YES;
				CLANG_WARN_ENUM_CONVERSION = YES;
				CLANG_WARN_INFINITE_RECURSION = YES;
				CLANG_WARN_INT_CONVERSION = YES;
				CLANG_WARN_NON_LITERAL_NULL_CONVERSION = YES;
				CLANG_WARN_OBJC_IMPLICIT_RETAIN_SELF = YES;
				CLANG_WARN_OBJC_LITERAL_CONVERSION = YES;
				CLANG_WARN_OBJC_ROOT_CLASS = YES_ERROR;
				CLANG_WARN_QUOTED_INCLUDE_IN_FRAMEWORK_HEADER = YES;
				CLANG_WARN_RANGE_LOOP_ANALYSIS = YES;
				CLANG_WARN_STRICT_PROTOTYPES = YES;
				CLANG_WARN_SUSPICIOUS_MOVE = YES;
				CLANG_WARN_UNGUARDED_AVAILABILITY = YES_AGGRESSIVE;
				CLANG_WARN_UNREACHABLE_CODE = YES;
				CLANG_WARN__DUPLICATE_METHOD_MATCH = YES;
				COPY_PHASE_STRIP = NO;
				DEBUG_INFORMATION_FORMAT = dwarf;
				ENABLE_STRICT_OBJC_MSGSEND = YES;
				ENABLE_TESTABILITY = YES;
				GCC_C_LANGUAGE_STANDARD = gnu11;
				GCC_DYNAMIC_NO_PIC = NO;
				GCC_NO_COMMON_BLOCKS = YES;
				GCC_OPTIMIZATION_LEVEL = 0;
				GCC_PREPROCESSOR_DEFINITIONS = (
					"DEBUG=1",
					"$(inherited)",
				);
				GCC_WARN_64_TO_32_BIT_CONVERSION = YES;
				GCC_WARN_ABOUT_RETURN_TYPE = YES_ERROR;
				GCC_WARN_UNDECLARED_SELECTOR = YES;
				GCC_WARN_UNINITIALIZED_AUTOS = YES_AGGRESSIVE;
				GCC_WARN_UNUSED_FUNCTION = YES;
				GCC_WARN_UNUSED_VARIABLE = YES;
				IPHONEOS_DEPLOYMENT_TARGET = 14.5;
				MTL_ENABLE_DEBUG_INFO = INCLUDE_SOURCE;
				MTL_FAST_MATH = YES;
				ONLY_ACTIVE_ARCH = YES;
				SDKROOT = iphoneos;
				SWIFT_ACTIVE_COMPILATION_CONDITIONS = DEBUG;
				SWIFT_OPTIMIZATION_LEVEL = "-Onone";
			};
			name = Debug;
		};
		FE86172226CD4385001F6D38 /* Release */ = {
			isa = XCBuildConfiguration;
			buildSettings = {
				ALWAYS_SEARCH_USER_PATHS = NO;
				CLANG_ANALYZER_NONNULL = YES;
				CLANG_ANALYZER_NUMBER_OBJECT_CONVERSION = YES_AGGRESSIVE;
				CLANG_CXX_LANGUAGE_STANDARD = "gnu++14";
				CLANG_CXX_LIBRARY = "libc++";
				CLANG_ENABLE_MODULES = YES;
				CLANG_ENABLE_OBJC_ARC = YES;
				CLANG_ENABLE_OBJC_WEAK = YES;
				CLANG_WARN_BLOCK_CAPTURE_AUTORELEASING = YES;
				CLANG_WARN_BOOL_CONVERSION = YES;
				CLANG_WARN_COMMA = YES;
				CLANG_WARN_CONSTANT_CONVERSION = YES;
				CLANG_WARN_DEPRECATED_OBJC_IMPLEMENTATIONS = YES;
				CLANG_WARN_DIRECT_OBJC_ISA_USAGE = YES_ERROR;
				CLANG_WARN_DOCUMENTATION_COMMENTS = YES;
				CLANG_WARN_EMPTY_BODY = YES;
				CLANG_WARN_ENUM_CONVERSION = YES;
				CLANG_WARN_INFINITE_RECURSION = YES;
				CLANG_WARN_INT_CONVERSION = YES;
				CLANG_WARN_NON_LITERAL_NULL_CONVERSION = YES;
				CLANG_WARN_OBJC_IMPLICIT_RETAIN_SELF = YES;
				CLANG_WARN_OBJC_LITERAL_CONVERSION = YES;
				CLANG_WARN_OBJC_ROOT_CLASS = YES_ERROR;
				CLANG_WARN_QUOTED_INCLUDE_IN_FRAMEWORK_HEADER = YES;
				CLANG_WARN_RANGE_LOOP_ANALYSIS = YES;
				CLANG_WARN_STRICT_PROTOTYPES = YES;
				CLANG_WARN_SUSPICIOUS_MOVE = YES;
				CLANG_WARN_UNGUARDED_AVAILABILITY = YES_AGGRESSIVE;
				CLANG_WARN_UNREACHABLE_CODE = YES;
				CLANG_WARN__DUPLICATE_METHOD_MATCH = YES;
				COPY_PHASE_STRIP = NO;
				DEBUG_INFORMATION_FORMAT = "dwarf-with-dsym";
				ENABLE_NS_ASSERTIONS = NO;
				ENABLE_STRICT_OBJC_MSGSEND = YES;
				GCC_C_LANGUAGE_STANDARD = gnu11;
				GCC_NO_COMMON_BLOCKS = YES;
				GCC_WARN_64_TO_32_BIT_CONVERSION = YES;
				GCC_WARN_ABOUT_RETURN_TYPE = YES_ERROR;
				GCC_WARN_UNDECLARED_SELECTOR = YES;
				GCC_WARN_UNINITIALIZED_AUTOS = YES_AGGRESSIVE;
				GCC_WARN_UNUSED_FUNCTION = YES;
				GCC_WARN_UNUSED_VARIABLE = YES;
				IPHONEOS_DEPLOYMENT_TARGET = 14.5;
				MTL_ENABLE_DEBUG_INFO = NO;
				MTL_FAST_MATH = YES;
				SDKROOT = iphoneos;
				SWIFT_COMPILATION_MODE = wholemodule;
				SWIFT_OPTIMIZATION_LEVEL = "-O";
				VALIDATE_PRODUCT = YES;
			};
			name = Release;
		};
		FE86172426CD4385001F6D38 /* Debug */ = {
			isa = XCBuildConfiguration;
			baseConfigurationReference = 64D086401451CEC298E2AFCF /* Pods-GMaps.debug.xcconfig */;
			buildSettings = {
				ASSETCATALOG_COMPILER_APPICON_NAME = AppIcon;
				ASSETCATALOG_COMPILER_GLOBAL_ACCENT_COLOR_NAME = AccentColor;
				CODE_SIGN_STYLE = Automatic;
				DEVELOPMENT_TEAM = G7624CK49F;
				INFOPLIST_FILE = GMaps/Environments/Info.plist;
				LD_RUNPATH_SEARCH_PATHS = (
					"$(inherited)",
					"@executable_path/Frameworks",
				);
				PRODUCT_BUNDLE_IDENTIFIER = RSafargalin.GMaps;
				PRODUCT_NAME = "$(TARGET_NAME)";
				SWIFT_VERSION = 5.0;
				TARGETED_DEVICE_FAMILY = "1,2";
			};
			name = Debug;
		};
		FE86172526CD4385001F6D38 /* Release */ = {
			isa = XCBuildConfiguration;
			baseConfigurationReference = 7C78B0C36A1FF3A779E0DFF4 /* Pods-GMaps.release.xcconfig */;
			buildSettings = {
				ASSETCATALOG_COMPILER_APPICON_NAME = AppIcon;
				ASSETCATALOG_COMPILER_GLOBAL_ACCENT_COLOR_NAME = AccentColor;
				CODE_SIGN_STYLE = Automatic;
				DEVELOPMENT_TEAM = G7624CK49F;
				INFOPLIST_FILE = GMaps/Environments/Info.plist;
				LD_RUNPATH_SEARCH_PATHS = (
					"$(inherited)",
					"@executable_path/Frameworks",
				);
				PRODUCT_BUNDLE_IDENTIFIER = RSafargalin.GMaps;
				PRODUCT_NAME = "$(TARGET_NAME)";
				SWIFT_VERSION = 5.0;
				TARGETED_DEVICE_FAMILY = "1,2";
			};
			name = Release;
		};
/* End XCBuildConfiguration section */

/* Begin XCConfigurationList section */
		FE86170A26CD4383001F6D38 /* Build configuration list for PBXProject "GMaps" */ = {
			isa = XCConfigurationList;
			buildConfigurations = (
				FE86172126CD4385001F6D38 /* Debug */,
				FE86172226CD4385001F6D38 /* Release */,
			);
			defaultConfigurationIsVisible = 0;
			defaultConfigurationName = Release;
		};
		FE86172326CD4385001F6D38 /* Build configuration list for PBXNativeTarget "GMaps" */ = {
			isa = XCConfigurationList;
			buildConfigurations = (
				FE86172426CD4385001F6D38 /* Debug */,
				FE86172526CD4385001F6D38 /* Release */,
			);
			defaultConfigurationIsVisible = 0;
			defaultConfigurationName = Release;
		};
/* End XCConfigurationList section */

/* Begin XCVersionGroup section */
		FE319EF726D8E52000FB63FC /* GMapsModels.xcdatamodeld */ = {
			isa = XCVersionGroup;
			children = (
				FE319EF826D8E52000FB63FC /* GMapsModels.xcdatamodel */,
			);
			currentVersion = FE319EF826D8E52000FB63FC /* GMapsModels.xcdatamodel */;
			path = GMapsModels.xcdatamodeld;
			sourceTree = "<group>";
			versionGroupType = wrapper.xcdatamodel;
		};
/* End XCVersionGroup section */
	};
	rootObject = FE86170726CD4383001F6D38 /* Project object */;
}
